
Microsoft Visual Studio Solution File, Format Version 12.00
# Visual Studio Version 16
VisualStudioVersion = 16.0.28407.52
MinimumVisualStudioVersion = 10.0.40219.1
Project("{8BC9CEB8-8B4A-11D0-8D11-00A0C91BC942}") = "E-N TabConverter", "E-N TabConverter\E-N TabConverter.vcxproj", "{05E38F6C-4947-4E51-A338-C9E9EC51D207}"
EndProject
Project("{8BC9CEB8-8B4A-11D0-8D11-00A0C91BC942}") = "GUIlib", "..\GUIlib\GUIlib\GUIlib.vcxproj", "{04091B98-EE09-4853-A935-256752439725}"
EndProject
Global
	GlobalSection(SolutionConfigurationPlatforms) = preSolution
		Debug|x64 = Debug|x64
		Debug|x86 = Debug|x86
		Release|x64 = Release|x64
		Release|x86 = Release|x86
	EndGlobalSection
	GlobalSection(ProjectConfigurationPlatforms) = postSolution
		{05E38F6C-4947-4E51-A338-C9E9EC51D207}.Debug|x64.ActiveCfg = Debug|x64
		{05E38F6C-4947-4E51-A338-C9E9EC51D207}.Debug|x64.Build.0 = Debug|x64
		{05E38F6C-4947-4E51-A338-C9E9EC51D207}.Debug|x86.ActiveCfg = Debug|Win32
		{05E38F6C-4947-4E51-A338-C9E9EC51D207}.Debug|x86.Build.0 = Debug|Win32
		{05E38F6C-4947-4E51-A338-C9E9EC51D207}.Release|x64.ActiveCfg = Release|x64
		{05E38F6C-4947-4E51-A338-C9E9EC51D207}.Release|x64.Build.0 = Release|x64
		{05E38F6C-4947-4E51-A338-C9E9EC51D207}.Release|x86.ActiveCfg = Release|Win32
		{05E38F6C-4947-4E51-A338-C9E9EC51D207}.Release|x86.Build.0 = Release|Win32
		{04091B98-EE09-4853-A935-256752439725}.Debug|x64.ActiveCfg = Debug|x64
		{04091B98-EE09-4853-A935-256752439725}.Debug|x64.Build.0 = Debug|x64
		{04091B98-EE09-4853-A935-256752439725}.Debug|x86.ActiveCfg = Debug|Win32
		{04091B98-EE09-4853-A935-256752439725}.Debug|x86.Build.0 = Debug|Win32
		{04091B98-EE09-4853-A935-256752439725}.Release|x64.ActiveCfg = Release|x64
		{04091B98-EE09-4853-A935-256752439725}.Release|x64.Build.0 = Release|x64
		{04091B98-EE09-4853-A935-256752439725}.Release|x86.ActiveCfg = Release|Win32
		{04091B98-EE09-4853-A935-256752439725}.Release|x86.Build.0 = Release|Win32
	EndGlobalSection
	GlobalSection(SolutionProperties) = preSolution
		HideSolutionNode = FALSE
	EndGlobalSection
	GlobalSection(ExtensibilityGlobals) = postSolution
		SolutionGuid = {6DCC53E3-4DE2-4ECE-96DF-E575BB5615B2}
	EndGlobalSection
EndGlobal
